
Microsoft Visual Studio Solution File, Format Version 12.00
# Visual Studio Version 16
VisualStudioVersion = 16.0.32002.261
MinimumVisualStudioVersion = 10.0.40219.1
Project("{C9674DCB-5085-4A16-B785-4C70DD1589BD}") = "Parcial", "Parcial.dtproj", "{DFEEB8A6-C028-4E48-BE21-C0D9C6A23BD5}"
EndProject
Global
	GlobalSection(SolutionConfigurationPlatforms) = preSolution
		Development|Default = Development|Default
	EndGlobalSection
	GlobalSection(ProjectConfigurationPlatforms) = postSolution
		{DFEEB8A6-C028-4E48-BE21-C0D9C6A23BD5}.Development|Default.ActiveCfg = Development
		{DFEEB8A6-C028-4E48-BE21-C0D9C6A23BD5}.Development|Default.Build.0 = Development
	EndGlobalSection
	GlobalSection(SolutionProperties) = preSolution
		HideSolutionNode = FALSE
	EndGlobalSection
	GlobalSection(ExtensibilityGlobals) = postSolution
		SolutionGuid = {4DFFE37D-F3C5-4A0F-A8A7-B410695622F8}
	EndGlobalSection
EndGlobal
